
Microsoft Visual Studio Solution File, Format Version 12.00
# Visual Studio Version 16
VisualStudioVersion = 16.0.31005.135
MinimumVisualStudioVersion = 10.0.40219.1
Project("{FAE04EC0-301F-11D3-BF4B-00C04F79EFBC}") = "FoodDelivery", "FoodDelivery.csproj", "{61378C4B-8235-41CF-870E-00B8E9EA08E8}"
EndProject
Global
	GlobalSection(SolutionConfigurationPlatforms) = preSolution
		Debug|Any CPU = Debug|Any CPU
		Release|Any CPU = Release|Any CPU
	EndGlobalSection
	GlobalSection(ProjectConfigurationPlatforms) = postSolution
		{61378C4B-8235-41CF-870E-00B8E9EA08E8}.Debug|Any CPU.ActiveCfg = Debug|Any CPU
		{61378C4B-8235-41CF-870E-00B8E9EA08E8}.Debug|Any CPU.Build.0 = Debug|Any CPU
		{61378C4B-8235-41CF-870E-00B8E9EA08E8}.Release|Any CPU.ActiveCfg = Release|Any CPU
		{61378C4B-8235-41CF-870E-00B8E9EA08E8}.Release|Any CPU.Build.0 = Release|Any CPU
	EndGlobalSection
	GlobalSection(SolutionProperties) = preSolution
		HideSolutionNode = FALSE
	EndGlobalSection
	GlobalSection(ExtensibilityGlobals) = postSolution
		SolutionGuid = {D3848D83-08F2-4E2F-BD81-07BE8EBD2895}
	EndGlobalSection
EndGlobal
